
Microsoft Visual Studio Solution File, Format Version 12.00
# Visual Studio 2013
VisualStudioVersion = 12.0.30110.0
MinimumVisualStudioVersion = 10.0.40219.1
Project("{8BC9CEB8-8B4A-11D0-8D11-00A0C91BC942}") = "RCPClient", "MSVS\RCPClient.vcxproj", "{0D270CF6-441A-4E9A-A833-61A98827F9FA}"
EndProject
Project("{8BC9CEB8-8B4A-11D0-8D11-00A0C91BC942}") = "RCPClientTest", "..\Test\RCPClientTest.vcxproj", "{AD783869-7BD1-45E7-B8A0-3757C3C3959E}"
	ProjectSection(ProjectDependencies) = postProject
		{0D270CF6-441A-4E9A-A833-61A98827F9FA} = {0D270CF6-441A-4E9A-A833-61A98827F9FA}
	EndProjectSection
EndProject
Project("{8BC9CEB8-8B4A-11D0-8D11-00A0C91BC942}") = "RCPClientTestStatic", "..\Test\RCPClientTestStatic.vcxproj", "{B916258A-CD24-492B-A921-8B857A545BDC}"
	ProjectSection(ProjectDependencies) = postProject
		{0D270CF6-441A-4E9A-A833-61A98827F9FA} = {0D270CF6-441A-4E9A-A833-61A98827F9FA}
	EndProjectSection
EndProject
Project("{8BC9CEB8-8B4A-11D0-8D11-00A0C91BC942}") = "VariousTestsStatic", "..\Test\VariousTestsStatic\VariousTestsStatic.vcxproj", "{79BF34C3-0BD8-48C3-B630-489D5D8165A7}"
	ProjectSection(ProjectDependencies) = postProject
		{0D270CF6-441A-4E9A-A833-61A98827F9FA} = {0D270CF6-441A-4E9A-A833-61A98827F9FA}
	EndProjectSection
EndProject
Global
	GlobalSection(SolutionConfigurationPlatforms) = preSolution
		Debug|Win32 = Debug|Win32
		Debug|x64 = Debug|x64
		Release|Win32 = Release|Win32
		Release|x64 = Release|x64
		StaticDebug|Win32 = StaticDebug|Win32
		StaticDebug|x64 = StaticDebug|x64
		StaticRelease|Win32 = StaticRelease|Win32
		StaticRelease|x64 = StaticRelease|x64
	EndGlobalSection
	GlobalSection(ProjectConfigurationPlatforms) = postSolution
		{0D270CF6-441A-4E9A-A833-61A98827F9FA}.Debug|Win32.ActiveCfg = Debug|Win32
		{0D270CF6-441A-4E9A-A833-61A98827F9FA}.Debug|Win32.Build.0 = Debug|Win32
		{0D270CF6-441A-4E9A-A833-61A98827F9FA}.Debug|x64.ActiveCfg = Debug|x64
		{0D270CF6-441A-4E9A-A833-61A98827F9FA}.Debug|x64.Build.0 = Debug|x64
		{0D270CF6-441A-4E9A-A833-61A98827F9FA}.Release|Win32.ActiveCfg = Release|Win32
		{0D270CF6-441A-4E9A-A833-61A98827F9FA}.Release|Win32.Build.0 = Release|Win32
		{0D270CF6-441A-4E9A-A833-61A98827F9FA}.Release|x64.ActiveCfg = Release|x64
		{0D270CF6-441A-4E9A-A833-61A98827F9FA}.Release|x64.Build.0 = Release|x64
		{0D270CF6-441A-4E9A-A833-61A98827F9FA}.StaticDebug|Win32.ActiveCfg = StaticDebug|Win32
		{0D270CF6-441A-4E9A-A833-61A98827F9FA}.StaticDebug|Win32.Build.0 = StaticDebug|Win32
		{0D270CF6-441A-4E9A-A833-61A98827F9FA}.StaticDebug|x64.ActiveCfg = StaticDebug|x64
		{0D270CF6-441A-4E9A-A833-61A98827F9FA}.StaticDebug|x64.Build.0 = StaticDebug|x64
		{0D270CF6-441A-4E9A-A833-61A98827F9FA}.StaticRelease|Win32.ActiveCfg = StaticRelease|Win32
		{0D270CF6-441A-4E9A-A833-61A98827F9FA}.StaticRelease|Win32.Build.0 = StaticRelease|Win32
		{0D270CF6-441A-4E9A-A833-61A98827F9FA}.StaticRelease|x64.ActiveCfg = StaticRelease|x64
		{0D270CF6-441A-4E9A-A833-61A98827F9FA}.StaticRelease|x64.Build.0 = StaticRelease|x64
		{AD783869-7BD1-45E7-B8A0-3757C3C3959E}.Debug|Win32.ActiveCfg = Debug|Win32
		{AD783869-7BD1-45E7-B8A0-3757C3C3959E}.Debug|Win32.Build.0 = Debug|Win32
		{AD783869-7BD1-45E7-B8A0-3757C3C3959E}.Debug|x64.ActiveCfg = Debug|x64
		{AD783869-7BD1-45E7-B8A0-3757C3C3959E}.Release|Win32.ActiveCfg = Release|Win32
		{AD783869-7BD1-45E7-B8A0-3757C3C3959E}.Release|Win32.Build.0 = Release|Win32
		{AD783869-7BD1-45E7-B8A0-3757C3C3959E}.Release|x64.ActiveCfg = Release|x64
		{AD783869-7BD1-45E7-B8A0-3757C3C3959E}.StaticDebug|Win32.ActiveCfg = Debug|Win32
		{AD783869-7BD1-45E7-B8A0-3757C3C3959E}.StaticDebug|Win32.Build.0 = Debug|Win32
		{AD783869-7BD1-45E7-B8A0-3757C3C3959E}.StaticDebug|x64.ActiveCfg = Debug|x64
		{AD783869-7BD1-45E7-B8A0-3757C3C3959E}.StaticRelease|Win32.ActiveCfg = Release|Win32
		{AD783869-7BD1-45E7-B8A0-3757C3C3959E}.StaticRelease|Win32.Build.0 = Release|Win32
		{AD783869-7BD1-45E7-B8A0-3757C3C3959E}.StaticRelease|x64.ActiveCfg = Release|x64
		{B916258A-CD24-492B-A921-8B857A545BDC}.Debug|Win32.ActiveCfg = Debug|Win32
		{B916258A-CD24-492B-A921-8B857A545BDC}.Debug|Win32.Build.0 = Debug|Win32
		{B916258A-CD24-492B-A921-8B857A545BDC}.Debug|x64.ActiveCfg = Debug|x64
		{B916258A-CD24-492B-A921-8B857A545BDC}.Release|Win32.ActiveCfg = Release|Win32
		{B916258A-CD24-492B-A921-8B857A545BDC}.Release|Win32.Build.0 = Release|Win32
		{B916258A-CD24-492B-A921-8B857A545BDC}.Release|x64.ActiveCfg = Release|x64
		{B916258A-CD24-492B-A921-8B857A545BDC}.StaticDebug|Win32.ActiveCfg = Debug|Win32
		{B916258A-CD24-492B-A921-8B857A545BDC}.StaticDebug|Win32.Build.0 = Debug|Win32
		{B916258A-CD24-492B-A921-8B857A545BDC}.StaticDebug|x64.ActiveCfg = Debug|x64
		{B916258A-CD24-492B-A921-8B857A545BDC}.StaticRelease|Win32.ActiveCfg = Release|Win32
		{B916258A-CD24-492B-A921-8B857A545BDC}.StaticRelease|Win32.Build.0 = Release|Win32
		{B916258A-CD24-492B-A921-8B857A545BDC}.StaticRelease|x64.ActiveCfg = Release|x64
		{79BF34C3-0BD8-48C3-B630-489D5D8165A7}.Debug|Win32.ActiveCfg = Debug|Win32
		{79BF34C3-0BD8-48C3-B630-489D5D8165A7}.Debug|Win32.Build.0 = Debug|Win32
		{79BF34C3-0BD8-48C3-B630-489D5D8165A7}.Debug|x64.ActiveCfg = Debug|x64
		{79BF34C3-0BD8-48C3-B630-489D5D8165A7}.Release|Win32.ActiveCfg = Release|Win32
		{79BF34C3-0BD8-48C3-B630-489D5D8165A7}.Release|Win32.Build.0 = Release|Win32
		{79BF34C3-0BD8-48C3-B630-489D5D8165A7}.Release|x64.ActiveCfg = Release|x64
		{79BF34C3-0BD8-48C3-B630-489D5D8165A7}.StaticDebug|Win32.ActiveCfg = Debug|Win32
		{79BF34C3-0BD8-48C3-B630-489D5D8165A7}.StaticDebug|Win32.Build.0 = Debug|Win32
		{79BF34C3-0BD8-48C3-B630-489D5D8165A7}.StaticDebug|x64.ActiveCfg = Debug|x64
		{79BF34C3-0BD8-48C3-B630-489D5D8165A7}.StaticRelease|Win32.ActiveCfg = Release|Win32
		{79BF34C3-0BD8-48C3-B630-489D5D8165A7}.StaticRelease|Win32.Build.0 = Release|Win32
		{79BF34C3-0BD8-48C3-B630-489D5D8165A7}.StaticRelease|x64.ActiveCfg = Release|x64
	EndGlobalSection
	GlobalSection(SolutionProperties) = preSolution
		HideSolutionNode = FALSE
	EndGlobalSection
EndGlobal
